
Microsoft Visual Studio Solution File, Format Version 12.00
# Visual Studio Version 17
VisualStudioVersion = 17.5.33516.290
MinimumVisualStudioVersion = 10.0.40219.1
Project("{9A19103F-16F7-4668-BE54-9A1E7A4F7556}") = "SsTaimsal2023.EL", "SsTaimsal2023.EL.csproj", "{91A540A4-655C-41CE-B0ED-9E93C295BD22}"
EndProject
Project("{FAE04EC0-301F-11D3-BF4B-00C04F79EFBC}") = "SsTaimsal2023.DAL", "..\SsTaimsal2023.DAL\SsTaimsal2023.DAL.csproj", "{7A053F26-6F72-453B-BAF2-67F1AC9A047C}"
EndProject
Global
	GlobalSection(SolutionConfigurationPlatforms) = preSolution
		Debug|Any CPU = Debug|Any CPU
		Release|Any CPU = Release|Any CPU
	EndGlobalSection
	GlobalSection(ProjectConfigurationPlatforms) = postSolution
		{91A540A4-655C-41CE-B0ED-9E93C295BD22}.Debug|Any CPU.ActiveCfg = Debug|Any CPU
		{91A540A4-655C-41CE-B0ED-9E93C295BD22}.Debug|Any CPU.Build.0 = Debug|Any CPU
		{91A540A4-655C-41CE-B0ED-9E93C295BD22}.Release|Any CPU.ActiveCfg = Release|Any CPU
		{91A540A4-655C-41CE-B0ED-9E93C295BD22}.Release|Any CPU.Build.0 = Release|Any CPU
		{7A053F26-6F72-453B-BAF2-67F1AC9A047C}.Debug|Any CPU.ActiveCfg = Debug|Any CPU
		{7A053F26-6F72-453B-BAF2-67F1AC9A047C}.Debug|Any CPU.Build.0 = Debug|Any CPU
		{7A053F26-6F72-453B-BAF2-67F1AC9A047C}.Release|Any CPU.ActiveCfg = Release|Any CPU
		{7A053F26-6F72-453B-BAF2-67F1AC9A047C}.Release|Any CPU.Build.0 = Release|Any CPU
	EndGlobalSection
	GlobalSection(SolutionProperties) = preSolution
		HideSolutionNode = FALSE
	EndGlobalSection
	GlobalSection(ExtensibilityGlobals) = postSolution
		SolutionGuid = {A7104CFC-9973-4DE5-8EA5-7D1736D52C95}
	EndGlobalSection
EndGlobal
